
Microsoft Visual Studio Solution File, Format Version 12.00
# Visual Studio 15
Project("{FAE04EC0-301F-11D3-BF4B-00C04F79EFBC}") = "Assembly-CSharp", "Assembly-CSharp.csproj", "{F8FB5494-6811-9AEA-C3E7-4DB279BBB0AA}"
EndProject
Project("{FAE04EC0-301F-11D3-BF4B-00C04F79EFBC}") = "Assembly-CSharp-Editor", "Assembly-CSharp-Editor.csproj", "{BDFEDE3A-A64E-040B-FED5-7CC541F2E247}"
EndProject
Global
	GlobalSection(SolutionConfigurationPlatforms) = preSolution
		Debug|Any CPU = Debug|Any CPU
		Release|Any CPU = Release|Any CPU
	EndGlobalSection
	GlobalSection(ProjectConfigurationPlatforms) = postSolution
		{F8FB5494-6811-9AEA-C3E7-4DB279BBB0AA}.Debug|Any CPU.ActiveCfg = Debug|Any CPU
		{F8FB5494-6811-9AEA-C3E7-4DB279BBB0AA}.Debug|Any CPU.Build.0 = Debug|Any CPU
		{F8FB5494-6811-9AEA-C3E7-4DB279BBB0AA}.Release|Any CPU.ActiveCfg = Release|Any CPU
		{F8FB5494-6811-9AEA-C3E7-4DB279BBB0AA}.Release|Any CPU.Build.0 = Release|Any CPU
		{BDFEDE3A-A64E-040B-FED5-7CC541F2E247}.Debug|Any CPU.ActiveCfg = Debug|Any CPU
		{BDFEDE3A-A64E-040B-FED5-7CC541F2E247}.Debug|Any CPU.Build.0 = Debug|Any CPU
		{BDFEDE3A-A64E-040B-FED5-7CC541F2E247}.Release|Any CPU.ActiveCfg = Release|Any CPU
		{BDFEDE3A-A64E-040B-FED5-7CC541F2E247}.Release|Any CPU.Build.0 = Release|Any CPU
	EndGlobalSection
	GlobalSection(SolutionProperties) = preSolution
		HideSolutionNode = FALSE
	EndGlobalSection
EndGlobal
